// !$*UTF8*$!
{
	archiveVersion = 1;
	classes = {
	};
	objectVersion = 46;
	objects = {

/* Begin PBXBuildFile section */
		FB32944518B2341900F02474 /* Foundation.framework in Frameworks */ = {isa = PBXBuildFile; fileRef = FB32944418B2341900F02474 /* Foundation.framework */; };
		FB32944718B2341900F02474 /* CoreGraphics.framework in Frameworks */ = {isa = PBXBuildFile; fileRef = FB32944618B2341900F02474 /* CoreGraphics.framework */; };
		FB32944918B2341900F02474 /* UIKit.framework in Frameworks */ = {isa = PBXBuildFile; fileRef = FB32944818B2341900F02474 /* UIKit.framework */; };
		FB32944F18B2341900F02474 /* InfoPlist.strings in Resources */ = {isa = PBXBuildFile; fileRef = FB32944D18B2341900F02474 /* InfoPlist.strings */; };
		FB32945118B2341900F02474 /* main.m in Sources */ = {isa = PBXBuildFile; fileRef = FB32945018B2341900F02474 /* main.m */; };
		FB32945518B2341900F02474 /* TSAppDelegate.m in Sources */ = {isa = PBXBuildFile; fileRef = FB32945418B2341900F02474 /* TSAppDelegate.m */; };
		FB32945818B2341A00F02474 /* Main.storyboard in Resources */ = {isa = PBXBuildFile; fileRef = FB32945618B2341A00F02474 /* Main.storyboard */; };
		FB32945B18B2341A00F02474 /* TSViewController.m in Sources */ = {isa = PBXBuildFile; fileRef = FB32945A18B2341A00F02474 /* TSViewController.m */; };
		FB32945D18B2341A00F02474 /* Images.xcassets in Resources */ = {isa = PBXBuildFile; fileRef = FB32945C18B2341A00F02474 /* Images.xcassets */; };
		FB32946418B2341A00F02474 /* XCTest.framework in Frameworks */ = {isa = PBXBuildFile; fileRef = FB32946318B2341A00F02474 /* XCTest.framework */; };
		FB32946518B2341A00F02474 /* Foundation.framework in Frameworks */ = {isa = PBXBuildFile; fileRef = FB32944418B2341900F02474 /* Foundation.framework */; };
		FB32946618B2341A00F02474 /* UIKit.framework in Frameworks */ = {isa = PBXBuildFile; fileRef = FB32944818B2341900F02474 /* UIKit.framework */; };
		FB32946E18B2341A00F02474 /* InfoPlist.strings in Resources */ = {isa = PBXBuildFile; fileRef = FB32946C18B2341A00F02474 /* InfoPlist.strings */; };
		FB32947018B2341A00F02474 /* Git_TestTests.m in Sources */ = {isa = PBXBuildFile; fileRef = FB32946F18B2341A00F02474 /* Git_TestTests.m */; };
/* End PBXBuildFile section */

/* Begin PBXContainerItemProxy section */
		FB32946718B2341A00F02474 /* PBXContainerItemProxy */ = {
			isa = PBXContainerItemProxy;
			containerPortal = FB32943918B2341900F02474 /* Project object */;
			proxyType = 1;
			remoteGlobalIDString = FB32944018B2341900F02474;
			remoteInfo = "Git Test";
		};
/* End PBXContainerItemProxy section */

/* Begin PBXFileReference section */
		FB32944118B2341900F02474 /* Git Test.app */ = {isa = PBXFileReference; explicitFileType = wrapper.application; includeInIndex = 0; path = "Git Test.app"; sourceTree = BUILT_PRODUCTS_DIR; };
		FB32944418B2341900F02474 /* Foundation.framework */ = {isa = PBXFileReference; lastKnownFileType = wrapper.framework; name = Foundation.framework; path = System/Library/Frameworks/Foundation.framework; sourceTree = SDKROOT; };
		FB32944618B2341900F02474 /* CoreGraphics.framework */ = {isa = PBXFileReference; lastKnownFileType = wrapper.framework; name = CoreGraphics.framework; path = System/Library/Frameworks/CoreGraphics.framework; sourceTree = SDKROOT; };
		FB32944818B2341900F02474 /* UIKit.framework */ = {isa = PBXFileReference; lastKnownFileType = wrapper.framework; name = UIKit.framework; path = System/Library/Frameworks/UIKit.framework; sourceTree = SDKROOT; };
		FB32944C18B2341900F02474 /* Git Test-Info.plist */ = {isa = PBXFileReference; lastKnownFileType = text.plist.xml; path = "Git Test-Info.plist"; sourceTree = "<group>"; };
		FB32944E18B2341900F02474 /* en */ = {isa = PBXFileReference; lastKnownFileType = text.plist.strings; name = en; path = en.lproj/InfoPlist.strings; sourceTree = "<group>"; };
		FB32945018B2341900F02474 /* main.m */ = {isa = PBXFileReference; lastKnownFileType = sourcecode.c.objc; path = main.m; sourceTree = "<group>"; };
		FB32945218B2341900F02474 /* Git Test-Prefix.pch */ = {isa = PBXFileReference; lastKnownFileType = sourcecode.c.h; path = "Git Test-Prefix.pch"; sourceTree = "<group>"; };
		FB32945318B2341900F02474 /* TSAppDelegate.h */ = {isa = PBXFileReference; lastKnownFileType = sourcecode.c.h; path = TSAppDelegate.h; sourceTree = "<group>"; };
		FB32945418B2341900F02474 /* TSAppDelegate.m */ = {isa = PBXFileReference; lastKnownFileType = sourcecode.c.objc; path = TSAppDelegate.m; sourceTree = "<group>"; };
		FB32945718B2341A00F02474 /* Base */ = {isa = PBXFileReference; lastKnownFileType = file.storyboard; name = Base; path = Base.lproj/Main.storyboard; sourceTree = "<group>"; };
		FB32945918B2341A00F02474 /* TSViewController.h */ = {isa = PBXFileReference; lastKnownFileType = sourcecode.c.h; path = TSViewController.h; sourceTree = "<group>"; };
		FB32945A18B2341A00F02474 /* TSViewController.m */ = {isa = PBXFileReference; lastKnownFileType = sourcecode.c.objc; path = TSViewController.m; sourceTree = "<group>"; };
		FB32945C18B2341A00F02474 /* Images.xcassets */ = {isa = PBXFileReference; lastKnownFileType = folder.assetcatalog; path = Images.xcassets; sourceTree = "<group>"; };
		FB32946218B2341A00F02474 /* Git TestTests.xctest */ = {isa = PBXFileReference; explicitFileType = wrapper.cfbundle; includeInIndex = 0; path = "Git TestTests.xctest"; sourceTree = BUILT_PRODUCTS_DIR; };
		FB32946318B2341A00F02474 /* XCTest.framework */ = {isa = PBXFileReference; lastKnownFileType = wrapper.framework; name = XCTest.framework; path = Library/Frameworks/XCTest.framework; sourceTree = DEVELOPER_DIR; };
		FB32946B18B2341A00F02474 /* Git TestTests-Info.plist */ = {isa = PBXFileReference; lastKnownFileType = text.plist.xml; path = "Git TestTests-Info.plist"; sourceTree = "<group>"; };
		FB32946D18B2341A00F02474 /* en */ = {isa = PBXFileReference; lastKnownFileType = text.plist.strings; name = en; path = en.lproj/InfoPlist.strings; sourceTree = "<group>"; };
		FB32946F18B2341A00F02474 /* Git_TestTests.m */ = {isa = PBXFileReference; lastKnownFileType = sourcecode.c.objc; path = Git_TestTests.m; sourceTree = "<group>"; };
/* End PBXFileReference section */

/* Begin PBXFrameworksBuildPhase section */
		FB32943E18B2341900F02474 /* Frameworks */ = {
			isa = PBXFrameworksBuildPhase;
			buildActionMask = 2147483647;
			files = (
				FB32944718B2341900F02474 /* CoreGraphics.framework in Frameworks */,
				FB32944918B2341900F02474 /* UIKit.framework in Frameworks */,
				FB32944518B2341900F02474 /* Foundation.framework in Frameworks */,
			);
			runOnlyForDeploymentPostprocessing = 0;
		};
		FB32945F18B2341A00F02474 /* Frameworks */ = {
			isa = PBXFrameworksBuildPhase;
			buildActionMask = 2147483647;
			files = (
				FB32946418B2341A00F02474 /* XCTest.framework in Frameworks */,
				FB32946618B2341A00F02474 /* UIKit.framework in Frameworks */,
				FB32946518B2341A00F02474 /* Foundation.framework in Frameworks */,
			);
			runOnlyForDeploymentPostprocessing = 0;
		};
/* End PBXFrameworksBuildPhase section */

/* Begin PBXGroup section */
		FB32943818B2341900F02474 = {
			isa = PBXGroup;
			children = (
				FB32944A18B2341900F02474 /* Git Test */,
				FB32946918B2341A00F02474 /* Git TestTests */,
				FB32944318B2341900F02474 /* Frameworks */,
				FB32944218B2341900F02474 /* Products */,
			);
			sourceTree = "<group>";
		};
		FB32944218B2341900F02474 /* Products */ = {
			isa = PBXGroup;
			children = (
				FB32944118B2341900F02474 /* Git Test.app */,
				FB32946218B2341A00F02474 /* Git TestTests.xctest */,
			);
			name = Products;
			sourceTree = "<group>";
		};
		FB32944318B2341900F02474 /* Frameworks */ = {
			isa = PBXGroup;
			children = (
				FB32944418B2341900F02474 /* Foundation.framework */,
				FB32944618B2341900F02474 /* CoreGraphics.framework */,
				FB32944818B2341900F02474 /* UIKit.framework */,
				FB32946318B2341A00F02474 /* XCTest.framework */,
			);
			name = Frameworks;
			sourceTree = "<group>";
		};
		FB32944A18B2341900F02474 /* Git Test */ = {
			isa = PBXGroup;
			children = (
				FB32945318B2341900F02474 /* TSAppDelegate.h */,
				FB32945418B2341900F02474 /* TSAppDelegate.m */,
				FB32945618B2341A00F02474 /* Main.storyboard */,
				FB32945918B2341A00F02474 /* TSViewController.h */,
				FB32945A18B2341A00F02474 /* TSViewController.m */,
				FB32945C18B2341A00F02474 /* Images.xcassets */,
				FB32944B18B2341900F02474 /* Supporting Files */,
			);
			path = "Git Test";
			sourceTree = "<group>";
		};
		FB32944B18B2341900F02474 /* Supporting Files */ = {
			isa = PBXGroup;
			children = (
				FB32944C18B2341900F02474 /* Git Test-Info.plist */,
				FB32944D18B2341900F02474 /* InfoPlist.strings */,
				FB32945018B2341900F02474 /* main.m */,
				FB32945218B2341900F02474 /* Git Test-Prefix.pch */,
			);
			name = "Supporting Files";
			sourceTree = "<group>";
		};
		FB32946918B2341A00F02474 /* Git TestTests */ = {
			isa = PBXGroup;
			children = (
				FB32946F18B2341A00F02474 /* Git_TestTests.m */,
				FB32946A18B2341A00F02474 /* Supporting Files */,
			);
			path = "Git TestTests";
			sourceTree = "<group>";
		};
		FB32946A18B2341A00F02474 /* Supporting Files */ = {
			isa = PBXGroup;
			children = (
				FB32946B18B2341A00F02474 /* Git TestTests-Info.plist */,
				FB32946C18B2341A00F02474 /* InfoPlist.strings */,
			);
			name = "Supporting Files";
			sourceTree = "<group>";
		};
/* End PBXGroup section */

/* Begin PBXNativeTarget section */
		FB32944018B2341900F02474 /* Git Test */ = {
			isa = PBXNativeTarget;
			buildConfigurationList = FB32947318B2341A00F02474 /* Build configuration list for PBXNativeTarget "Git Test" */;
			buildPhases = (
				FB32943D18B2341900F02474 /* Sources */,
				FB32943E18B2341900F02474 /* Frameworks */,
				FB32943F18B2341900F02474 /* Resources */,
			);
			buildRules = (
			);
			dependencies = (
			);
			name = "Git Test";
			productName = "Git Test";
			productReference = FB32944118B2341900F02474 /* Git Test.app */;
			productType = "com.apple.product-type.application";
		};
		FB32946118B2341A00F02474 /* Git TestTests */ = {
			isa = PBXNativeTarget;
			buildConfigurationList = FB32947618B2341A00F02474 /* Build configuration list for PBXNativeTarget "Git TestTests" */;
			buildPhases = (
				FB32945E18B2341A00F02474 /* Sources */,
				FB32945F18B2341A00F02474 /* Frameworks */,
				FB32946018B2341A00F02474 /* Resources */,
			);
			buildRules = (
			);
			dependencies = (
				FB32946818B2341A00F02474 /* PBXTargetDependency */,
			);
			name = "Git TestTests";
			productName = "Git TestTests";
			productReference = FB32946218B2341A00F02474 /* Git TestTests.xctest */;
			productType = "com.apple.product-type.bundle.unit-test";
		};
/* End PBXNativeTarget section */

/* Begin PBXProject section */
		FB32943918B2341900F02474 /* Project object */ = {
			isa = PBXProject;
			attributes = {
				CLASSPREFIX = TS;
				LastUpgradeCheck = 0500;
				ORGANIZATIONNAME = "Theo Styles";
				TargetAttributes = {
					FB32946118B2341A00F02474 = {
						TestTargetID = FB32944018B2341900F02474;
					};
				};
			};
			buildConfigurationList = FB32943C18B2341900F02474 /* Build configuration list for PBXProject "Git Test" */;
			compatibilityVersion = "Xcode 3.2";
			developmentRegion = English;
			hasScannedForEncodings = 0;
			knownRegions = (
				en,
				Base,
			);
			mainGroup = FB32943818B2341900F02474;
			productRefGroup = FB32944218B2341900F02474 /* Products */;
			projectDirPath = "";
			projectRoot = "";
			targets = (
				FB32944018B2341900F02474 /* Git Test */,
				FB32946118B2341A00F02474 /* Git TestTests */,
			);
		};
/* End PBXProject section */

/* Begin PBXResourcesBuildPhase section */
		FB32943F18B2341900F02474 /* Resources */ = {
			isa = PBXResourcesBuildPhase;
			buildActionMask = 2147483647;
			files = (
				FB32945D18B2341A00F02474 /* Images.xcassets in Resources */,
				FB32944F18B2341900F02474 /* InfoPlist.strings in Resources */,
				FB32945818B2341A00F02474 /* Main.storyboard in Resources */,
			);
			runOnlyForDeploymentPostprocessing = 0;
		};
		FB32946018B2341A00F02474 /* Resources */ = {
			isa = PBXResourcesBuildPhase;
			buildActionMask = 2147483647;
			files = (
				FB32946E18B2341A00F02474 /* InfoPlist.strings in Resources */,
			);
			runOnlyForDeploymentPostprocessing = 0;
		};
/* End PBXResourcesBuildPhase section */

/* Begin PBXSourcesBuildPhase section */
		FB32943D18B2341900F02474 /* Sources */ = {
			isa = PBXSourcesBuildPhase;
			buildActionMask = 2147483647;
			files = (
				FB32945118B2341900F02474 /* main.m in Sources */,
				FB32945518B2341900F02474 /* TSAppDelegate.m in Sources */,
				FB32945B18B2341A00F02474 /* TSViewController.m in Sources */,
			);
			runOnlyForDeploymentPostprocessing = 0;
		};
		FB32945E18B2341A00F02474 /* Sources */ = {
			isa = PBXSourcesBuildPhase;
			buildActionMask = 2147483647;
			files = (
				FB32947018B2341A00F02474 /* Git_TestTests.m in Sources */,
			);
			runOnlyForDeploymentPostprocessing = 0;
		};
/* End PBXSourcesBuildPhase section */

/* Begin PBXTargetDependency section */
		FB32946818B2341A00F02474 /* PBXTargetDependency */ = {
			isa = PBXTargetDependency;
			target = FB32944018B2341900F02474 /* Git Test */;
			targetProxy = FB32946718B2341A00F02474 /* PBXContainerItemProxy */;
		};
/* End PBXTargetDependency section */

/* Begin PBXVariantGroup section */
		FB32944D18B2341900F02474 /* InfoPlist.strings */ = {
			isa = PBXVariantGroup;
			children = (
				FB32944E18B2341900F02474 /* en */,
			);
			name = InfoPlist.strings;
			sourceTree = "<group>";
		};
		FB32945618B2341A00F02474 /* Main.storyboard */ = {
			isa = PBXVariantGroup;
			children = (
				FB32945718B2341A00F02474 /* Base */,
			);
			name = Main.storyboard;
			sourceTree = "<group>";
		};
		FB32946C18B2341A00F02474 /* InfoPlist.strings */ = {
			isa = PBXVariantGroup;
			children = (
				FB32946D18B2341A00F02474 /* en */,
			);
			name = InfoPlist.strings;
			sourceTree = "<group>";
		};
/* End PBXVariantGroup section */

/* Begin XCBuildConfiguration section */
		FB32947118B2341A00F02474 /* Debug */ = {
			isa = XCBuildConfiguration;
			buildSettings = {
				ALWAYS_SEARCH_USER_PATHS = NO;
				ARCHS = "$(ARCHS_STANDARD_INCLUDING_64_BIT)";
				CLANG_CXX_LANGUAGE_STANDARD = "gnu++0x";
				CLANG_CXX_LIBRARY = "libc++";
				CLANG_ENABLE_MODULES = YES;
				CLANG_ENABLE_OBJC_ARC = YES;
				CLANG_WARN_BOOL_CONVERSION = YES;
				CLANG_WARN_CONSTANT_CONVERSION = YES;
				CLANG_WARN_DIRECT_OBJC_ISA_USAGE = YES_ERROR;
				CLANG_WARN_EMPTY_BODY = YES;
				CLANG_WARN_ENUM_CONVERSION = YES;
				CLANG_WARN_INT_CONVERSION = YES;
				CLANG_WARN_OBJC_ROOT_CLASS = YES_ERROR;
				CLANG_WARN__DUPLICATE_METHOD_MATCH = YES;
				"CODE_SIGN_IDENTITY[sdk=iphoneos*]" = "iPhone Developer";
				COPY_PHASE_STRIP = NO;
				GCC_C_LANGUAGE_STANDARD = gnu99;
				GCC_DYNAMIC_NO_PIC = NO;
				GCC_OPTIMIZATION_LEVEL = 0;
				GCC_PREPROCESSOR_DEFINITIONS = (
					"DEBUG=1",
					"$(inherited)",
				);
				GCC_SYMBOLS_PRIVATE_EXTERN = NO;
				GCC_WARN_64_TO_32_BIT_CONVERSION = YES;
				GCC_WARN_ABOUT_RETURN_TYPE = YES_ERROR;
				GCC_WARN_UNDECLARED_SELECTOR = YES;
				GCC_WARN_UNINITIALIZED_AUTOS = YES;
				GCC_WARN_UNUSED_FUNCTION = YES;
				GCC_WARN_UNUSED_VARIABLE = YES;
				IPHONEOS_DEPLOYMENT_TARGET = 7.0;
				ONLY_ACTIVE_ARCH = YES;
				SDKROOT = iphoneos;
			};
			name = Debug;
		};
		FB32947218B2341A00F02474 /* Release */ = {
			isa = XCBuildConfiguration;
			buildSettings = {
				ALWAYS_SEARCH_USER_PATHS = NO;
				ARCHS = "$(ARCHS_STANDARD_INCLUDING_64_BIT)";
				CLANG_CXX_LANGUAGE_STANDARD = "gnu++0x";
				CLANG_CXX_LIBRARY = "libc++";
				CLANG_ENABLE_MODULES = YES;
				CLANG_ENABLE_OBJC_ARC = YES;
				CLANG_WARN_BOOL_CONVERSION = YES;
				CLANG_WARN_CONSTANT_CONVERSION = YES;
				CLANG_WARN_DIRECT_OBJC_ISA_USAGE = YES_ERROR;
				CLANG_WARN_EMPTY_BODY = YES;
				CLANG_WARN_ENUM_CONVERSION = YES;
				CLANG_WARN_INT_CONVERSION = YES;
				CLANG_WARN_OBJC_ROOT_CLASS = YES_ERROR;
				CLANG_WARN__DUPLICATE_METHOD_MATCH = YES;
				"CODE_SIGN_IDENTITY[sdk=iphoneos*]" = "iPhone Developer";
				COPY_PHASE_STRIP = YES;
				ENABLE_NS_ASSERTIONS = NO;
				GCC_C_LANGUAGE_STANDARD = gnu99;
				GCC_WARN_64_TO_32_BIT_CONVERSION = YES;
				GCC_WARN_ABOUT_RETURN_TYPE = YES_ERROR;
				GCC_WARN_UNDECLARED_SELECTOR = YES;
				GCC_WARN_UNINITIALIZED_AUTOS = YES;
				GCC_WARN_UNUSED_FUNCTION = YES;
				GCC_WARN_UNUSED_VARIABLE = YES;
				IPHONEOS_DEPLOYMENT_TARGET = 7.0;
				SDKROOT = iphoneos;
				VALIDATE_PRODUCT = YES;
			};
			name = Release;
		};
		FB32947418B2341A00F02474 /* Debug */ = {
			isa = XCBuildConfiguration;
			buildSettings = {
				ASSETCATALOG_COMPILER_APPICON_NAME = AppIcon;
				ASSETCATALOG_COMPILER_LAUNCHIMAGE_NAME = LaunchImage;
				GCC_PRECOMPILE_PREFIX_HEADER = YES;
				GCC_PREFIX_HEADER = "Git Test/Git Test-Prefix.pch";
				INFOPLIST_FILE = "Git Test/Git Test-Info.plist";
				PRODUCT_NAME = "$(TARGET_NAME)";
				WRAPPER_EXTENSION = app;
			};
			name = Debug;
		};
		FB32947518B2341A00F02474 /* Release */ = {
			isa = XCBuildConfiguration;
			buildSettings = {
				ASSETCATALOG_COMPILER_APPICON_NAME = AppIcon;
				ASSETCATALOG_COMPILER_LAUNCHIMAGE_NAME = LaunchImage;
				GCC_PRECOMPILE_PREFIX_HEADER = YES;
				GCC_PREFIX_HEADER = "Git Test/Git Test-Prefix.pch";
				INFOPLIST_FILE = "Git Test/Git Test-Info.plist";
				PRODUCT_NAME = "$(TARGET_NAME)";
				WRAPPER_EXTENSION = app;
			};
			name = Release;
		};
		FB32947718B2341A00F02474 /* Debug */ = {
			isa = XCBuildConfiguration;
			buildSettings = {
				ARCHS = "$(ARCHS_STANDARD_INCLUDING_64_BIT)";
				BUNDLE_LOADER = "$(BUILT_PRODUCTS_DIR)/Git Test.app/Git Test";
				FRAMEWORK_SEARCH_PATHS = (
					"$(SDKROOT)/Developer/Library/Frameworks",
					"$(inherited)",
					"$(DEVELOPER_FRAMEWORKS_DIR)",
				);
				GCC_PRECOMPILE_PREFIX_HEADER = YES;
				GCC_PREFIX_HEADER = "Git Test/Git Test-Prefix.pch";
				GCC_PREPROCESSOR_DEFINITIONS = (
					"DEBUG=1",
					"$(inherited)",
				);
				INFOPLIST_FILE = "Git TestTests/Git TestTests-Info.plist";
				PRODUCT_NAME = "$(TARGET_NAME)";
				TEST_HOST = "$(BUNDLE_LOADER)";
				WRAPPER_EXTENSION = xctest;
			};
			name = Debug;
		};
		FB32947818B2341A00F02474 /* Release */ = {
			isa = XCBuildConfiguration;
			buildSettings = {
				ARCHS = "$(ARCHS_STANDARD_INCLUDING_64_BIT)";
				BUNDLE_LOADER = "$(BUILT_PRODUCTS_DIR)/Git Test.app/Git Test";
				FRAMEWORK_SEARCH_PATHS = (
					"$(SDKROOT)/Developer/Library/Frameworks",
					"$(inherited)",
					"$(DEVELOPER_FRAMEWORKS_DIR)",
				);
				GCC_PRECOMPILE_PREFIX_HEADER = YES;
				GCC_PREFIX_HEADER = "Git Test/Git Test-Prefix.pch";
				INFOPLIST_FILE = "Git TestTests/Git TestTests-Info.plist";
				PRODUCT_NAME = "$(TARGET_NAME)";
				TEST_HOST = "$(BUNDLE_LOADER)";
				WRAPPER_EXTENSION = xctest;
			};
			name = Release;
		};
/* End XCBuildConfiguration section */

/* Begin XCConfigurationList section */
		FB32943C18B2341900F02474 /* Build configuration list for PBXProject "Git Test" */ = {
			isa = XCConfigurationList;
			buildConfigurations = (
				FB32947118B2341A00F02474 /* Debug */,
				FB32947218B2341A00F02474 /* Release */,
			);
			defaultConfigurationIsVisible = 0;
			defaultConfigurationName = Release;
		};
		FB32947318B2341A00F02474 /* Build configuration list for PBXNativeTarget "Git Test" */ = {
			isa = XCConfigurationList;
			buildConfigurations = (
				FB32947418B2341A00F02474 /* Debug */,
				FB32947518B2341A00F02474 /* Release */,
			);
			defaultConfigurationIsVisible = 0;
		};
		FB32947618B2341A00F02474 /* Build configuration list for PBXNativeTarget "Git TestTests" */ = {
			isa = XCConfigurationList;
			buildConfigurations = (
				FB32947718B2341A00F02474 /* Debug */,
				FB32947818B2341A00F02474 /* Release */,
			);
			defaultConfigurationIsVisible = 0;
		};
/* End XCConfigurationList section */
	};
	rootObject = FB32943918B2341900F02474 /* Project object */;
}
